{
	"name": "my-npm-package-sridhar1999",
	"version": "1.0.0",
	"lockfileVersion": 3,
	"requires": true,
	"packages": {
		"": {
			"name": "my-npm-package-sridhar1999",
			"version": "1.0.0",
			"license": "MIT",
			"dependencies": {
				"my-npm-package": "^0.0.1",
				"my-npm-package-sridhar1999": "^1.0.0"
			}
		},
		"node_modules/my-npm-package": {
			"version": "0.0.1",
			"resolved": "https://registry.npmjs.org/my-npm-package/-/my-npm-package-0.0.1.tgz",
			"integrity": "sha512-v8ZIxcMcaoqw2MCxNUZfcNe/kQ3ZEVKEvKLRY0VzJtF2i7KQ8Zg9NELd97uqi5wCVUNVVKkfVGLbPzlcaEcyNw==",
			"engines": {
				"node": "*"
			}
		},
		"node_modules/my-npm-package-sridhar1999": {
			"version": "1.0.0",
			"resolved": "https://registry.npmjs.org/my-npm-package-sridhar1999/-/my-npm-package-sridhar1999-1.0.0.tgz",
			"integrity": "sha512-2gPNHYjg2w4YCtGg2fud+X1rtphZiE1FAcZ/UZHsjsS7SjnDFsrwyNJcIN4GlgCl5Wh9qFMNOovoyAzQVvStFA==",
			"dependencies": {
				"my-npm-package": "^0.0.1"
			}
		}
	}
}
